// !$*UTF8*$!
{
	archiveVersion = 1;
	classes = {
	};
	objectVersion = 50;
	objects = {

/* Begin PBXBuildFile section */
		372BDBC72129F13800E767AD /* CyclicCoding.framework in Frameworks */ = {isa = PBXBuildFile; fileRef = 372BDBBD2129F13800E767AD /* CyclicCoding.framework */; };
		372BDBCC2129F13800E767AD /* CyclicCodingTests.swift in Sources */ = {isa = PBXBuildFile; fileRef = 372BDBCB2129F13800E767AD /* CyclicCodingTests.swift */; };
		372BDBCE2129F13800E767AD /* CyclicCoding.h in Headers */ = {isa = PBXBuildFile; fileRef = 372BDBC02129F13800E767AD /* CyclicCoding.h */; settings = {ATTRIBUTES = (Public, ); }; };
		372BDBD82129F1BD00E767AD /* CyclicEncoder.swift in Sources */ = {isa = PBXBuildFile; fileRef = 372BDBD72129F1BD00E767AD /* CyclicEncoder.swift */; };
		372BDBDC2129FDF700E767AD /* Primitive.swift in Sources */ = {isa = PBXBuildFile; fileRef = 372BDBDB2129FDF700E767AD /* Primitive.swift */; };
		372BDBE0212A80AA00E767AD /* Box.swift in Sources */ = {isa = PBXBuildFile; fileRef = 372BDBDF212A80AA00E767AD /* Box.swift */; };
		3792D8B5212BD65200E68277 /* CyclicDecoder.swift in Sources */ = {isa = PBXBuildFile; fileRef = 3792D8B4212BD65200E68277 /* CyclicDecoder.swift */; };
		37A8D0E222117D2C007A74F5 /* CodableInterception.framework in Frameworks */ = {isa = PBXBuildFile; fileRef = 37A8D0E122117D2C007A74F5 /* CodableInterception.framework */; };
		37A8D0E322117E54007A74F5 /* CodableInterception.framework in Frameworks */ = {isa = PBXBuildFile; fileRef = 37A8D0E122117D2C007A74F5 /* CodableInterception.framework */; };
		37A8D0E52211B0FF007A74F5 /* Fillable.swift in Sources */ = {isa = PBXBuildFile; fileRef = 37A8D0E42211B0FF007A74F5 /* Fillable.swift */; };
		37A8D0E62211B164007A74F5 /* Fillable.swift in Sources */ = {isa = PBXBuildFile; fileRef = 37A8D0E42211B0FF007A74F5 /* Fillable.swift */; };
		37A8D0E82211BAF3007A74F5 /* CodableInterception.framework in Frameworks */ = {isa = PBXBuildFile; fileRef = 37A8D0E72211BAF3007A74F5 /* CodableInterception.framework */; };
		37A8D0E92211BB1A007A74F5 /* CodableInterception.framework in Frameworks */ = {isa = PBXBuildFile; fileRef = 37A8D0E72211BAF3007A74F5 /* CodableInterception.framework */; };
		37D852AF220016210026B865 /* CyclicCoding.framework in Frameworks */ = {isa = PBXBuildFile; fileRef = 37D852A6220016210026B865 /* CyclicCoding.framework */; };
		37D852BD220016C50026B865 /* CyclicCoding.h in Headers */ = {isa = PBXBuildFile; fileRef = 372BDBC02129F13800E767AD /* CyclicCoding.h */; settings = {ATTRIBUTES = (Public, ); }; };
		37D852BE220016CE0026B865 /* Box.swift in Sources */ = {isa = PBXBuildFile; fileRef = 372BDBDF212A80AA00E767AD /* Box.swift */; };
		37D852BF220016CE0026B865 /* CycleBreaker.swift in Sources */ = {isa = PBXBuildFile; fileRef = 37FEA54421F20501008112AD /* CycleBreaker.swift */; };
		37D852C0220016CE0026B865 /* CyclicEncoder.swift in Sources */ = {isa = PBXBuildFile; fileRef = 372BDBD72129F1BD00E767AD /* CyclicEncoder.swift */; };
		37D852C1220016CE0026B865 /* CyclicDecoder.swift in Sources */ = {isa = PBXBuildFile; fileRef = 3792D8B4212BD65200E68277 /* CyclicDecoder.swift */; };
		37D852C2220016CE0026B865 /* Primitive.swift in Sources */ = {isa = PBXBuildFile; fileRef = 372BDBDB2129FDF700E767AD /* Primitive.swift */; };
		37D852C3220016D50026B865 /* CyclicCodingTests.swift in Sources */ = {isa = PBXBuildFile; fileRef = 372BDBCB2129F13800E767AD /* CyclicCodingTests.swift */; };
		37FEA54521F20501008112AD /* CycleBreaker.swift in Sources */ = {isa = PBXBuildFile; fileRef = 37FEA54421F20501008112AD /* CycleBreaker.swift */; };
/* End PBXBuildFile section */

/* Begin PBXContainerItemProxy section */
		372BDBC82129F13800E767AD /* PBXContainerItemProxy */ = {
			isa = PBXContainerItemProxy;
			containerPortal = 372BDBB42129F13800E767AD /* Project object */;
			proxyType = 1;
			remoteGlobalIDString = 372BDBBC2129F13800E767AD;
			remoteInfo = CyclicCoding;
		};
		37D852B0220016210026B865 /* PBXContainerItemProxy */ = {
			isa = PBXContainerItemProxy;
			containerPortal = 372BDBB42129F13800E767AD /* Project object */;
			proxyType = 1;
			remoteGlobalIDString = 37D852A5220016210026B865;
			remoteInfo = CyclicCoding;
		};
/* End PBXContainerItemProxy section */

/* Begin PBXFileReference section */
		372BDBBD2129F13800E767AD /* CyclicCoding.framework */ = {isa = PBXFileReference; explicitFileType = wrapper.framework; includeInIndex = 0; path = CyclicCoding.framework; sourceTree = BUILT_PRODUCTS_DIR; };
		372BDBC02129F13800E767AD /* CyclicCoding.h */ = {isa = PBXFileReference; lastKnownFileType = sourcecode.c.h; path = CyclicCoding.h; sourceTree = "<group>"; };
		372BDBC12129F13800E767AD /* Info.plist */ = {isa = PBXFileReference; lastKnownFileType = text.plist.xml; path = Info.plist; sourceTree = "<group>"; };
		372BDBC62129F13800E767AD /* CyclicCodingTests iOS.xctest */ = {isa = PBXFileReference; explicitFileType = wrapper.cfbundle; includeInIndex = 0; path = "CyclicCodingTests iOS.xctest"; sourceTree = BUILT_PRODUCTS_DIR; };
		372BDBCB2129F13800E767AD /* CyclicCodingTests.swift */ = {isa = PBXFileReference; lastKnownFileType = sourcecode.swift; path = CyclicCodingTests.swift; sourceTree = "<group>"; };
		372BDBCD2129F13800E767AD /* Info.plist */ = {isa = PBXFileReference; lastKnownFileType = text.plist.xml; path = Info.plist; sourceTree = "<group>"; };
		372BDBD72129F1BD00E767AD /* CyclicEncoder.swift */ = {isa = PBXFileReference; lastKnownFileType = sourcecode.swift; path = CyclicEncoder.swift; sourceTree = "<group>"; };
		372BDBDB2129FDF700E767AD /* Primitive.swift */ = {isa = PBXFileReference; lastKnownFileType = sourcecode.swift; path = Primitive.swift; sourceTree = "<group>"; };
		372BDBDF212A80AA00E767AD /* Box.swift */ = {isa = PBXFileReference; fileEncoding = 4; lastKnownFileType = sourcecode.swift; path = Box.swift; sourceTree = "<group>"; };
		3792D8B4212BD65200E68277 /* CyclicDecoder.swift */ = {isa = PBXFileReference; lastKnownFileType = sourcecode.swift; path = CyclicDecoder.swift; sourceTree = "<group>"; };
		37A8D0E122117D2C007A74F5 /* CodableInterception.framework */ = {isa = PBXFileReference; lastKnownFileType = wrapper.framework; name = CodableInterception.framework; path = Carthage/Build/Mac/CodableInterception.framework; sourceTree = "<group>"; };
		37A8D0E42211B0FF007A74F5 /* Fillable.swift */ = {isa = PBXFileReference; lastKnownFileType = sourcecode.swift; path = Fillable.swift; sourceTree = "<group>"; };
		37A8D0E72211BAF3007A74F5 /* CodableInterception.framework */ = {isa = PBXFileReference; lastKnownFileType = wrapper.framework; name = CodableInterception.framework; path = Carthage/Build/iOS/CodableInterception.framework; sourceTree = "<group>"; };
		37D852A6220016210026B865 /* CyclicCoding.framework */ = {isa = PBXFileReference; explicitFileType = wrapper.framework; includeInIndex = 0; path = CyclicCoding.framework; sourceTree = BUILT_PRODUCTS_DIR; };
		37D852AE220016210026B865 /* CyclicCodingTests Mac.xctest */ = {isa = PBXFileReference; explicitFileType = wrapper.cfbundle; includeInIndex = 0; path = "CyclicCodingTests Mac.xctest"; sourceTree = BUILT_PRODUCTS_DIR; };
		37FEA54421F20501008112AD /* CycleBreaker.swift */ = {isa = PBXFileReference; lastKnownFileType = sourcecode.swift; path = CycleBreaker.swift; sourceTree = "<group>"; };
/* End PBXFileReference section */

/* Begin PBXFrameworksBuildPhase section */
		372BDBBA2129F13800E767AD /* Frameworks */ = {
			isa = PBXFrameworksBuildPhase;
			buildActionMask = 2147483647;
			files = (
				37A8D0E82211BAF3007A74F5 /* CodableInterception.framework in Frameworks */,
			);
			runOnlyForDeploymentPostprocessing = 0;
		};
		372BDBC32129F13800E767AD /* Frameworks */ = {
			isa = PBXFrameworksBuildPhase;
			buildActionMask = 2147483647;
			files = (
				37A8D0E92211BB1A007A74F5 /* CodableInterception.framework in Frameworks */,
				372BDBC72129F13800E767AD /* CyclicCoding.framework in Frameworks */,
			);
			runOnlyForDeploymentPostprocessing = 0;
		};
		37D852A3220016210026B865 /* Frameworks */ = {
			isa = PBXFrameworksBuildPhase;
			buildActionMask = 2147483647;
			files = (
				37A8D0E222117D2C007A74F5 /* CodableInterception.framework in Frameworks */,
			);
			runOnlyForDeploymentPostprocessing = 0;
		};
		37D852AB220016210026B865 /* Frameworks */ = {
			isa = PBXFrameworksBuildPhase;
			buildActionMask = 2147483647;
			files = (
				37D852AF220016210026B865 /* CyclicCoding.framework in Frameworks */,
				37A8D0E322117E54007A74F5 /* CodableInterception.framework in Frameworks */,
			);
			runOnlyForDeploymentPostprocessing = 0;
		};
/* End PBXFrameworksBuildPhase section */

/* Begin PBXGroup section */
		372BDBB32129F13800E767AD = {
			isa = PBXGroup;
			children = (
				372BDBBF2129F13800E767AD /* CyclicCoding */,
				372BDBCA2129F13800E767AD /* CyclicCodingTests */,
				372BDBBE2129F13800E767AD /* Products */,
				37A8D0E022117D2C007A74F5 /* Frameworks */,
			);
			sourceTree = "<group>";
		};
		372BDBBE2129F13800E767AD /* Products */ = {
			isa = PBXGroup;
			children = (
				372BDBBD2129F13800E767AD /* CyclicCoding.framework */,
				372BDBC62129F13800E767AD /* CyclicCodingTests iOS.xctest */,
				37D852A6220016210026B865 /* CyclicCoding.framework */,
				37D852AE220016210026B865 /* CyclicCodingTests Mac.xctest */,
			);
			name = Products;
			sourceTree = "<group>";
		};
		372BDBBF2129F13800E767AD /* CyclicCoding */ = {
			isa = PBXGroup;
			children = (
				372BDBC02129F13800E767AD /* CyclicCoding.h */,
				372BDBDF212A80AA00E767AD /* Box.swift */,
				37FEA54421F20501008112AD /* CycleBreaker.swift */,
				37A8D0E42211B0FF007A74F5 /* Fillable.swift */,
				372BDBD72129F1BD00E767AD /* CyclicEncoder.swift */,
				3792D8B4212BD65200E68277 /* CyclicDecoder.swift */,
				372BDBDB2129FDF700E767AD /* Primitive.swift */,
				372BDBC12129F13800E767AD /* Info.plist */,
			);
			path = CyclicCoding;
			sourceTree = "<group>";
		};
		372BDBCA2129F13800E767AD /* CyclicCodingTests */ = {
			isa = PBXGroup;
			children = (
				372BDBCB2129F13800E767AD /* CyclicCodingTests.swift */,
				372BDBCD2129F13800E767AD /* Info.plist */,
			);
			path = CyclicCodingTests;
			sourceTree = "<group>";
		};
		37A8D0E022117D2C007A74F5 /* Frameworks */ = {
			isa = PBXGroup;
			children = (
				37A8D0E72211BAF3007A74F5 /* CodableInterception.framework */,
				37A8D0E122117D2C007A74F5 /* CodableInterception.framework */,
			);
			name = Frameworks;
			sourceTree = "<group>";
		};
/* End PBXGroup section */

/* Begin PBXHeadersBuildPhase section */
		372BDBB82129F13800E767AD /* Headers */ = {
			isa = PBXHeadersBuildPhase;
			buildActionMask = 2147483647;
			files = (
				372BDBCE2129F13800E767AD /* CyclicCoding.h in Headers */,
			);
			runOnlyForDeploymentPostprocessing = 0;
		};
		37D852A1220016210026B865 /* Headers */ = {
			isa = PBXHeadersBuildPhase;
			buildActionMask = 2147483647;
			files = (
				37D852BD220016C50026B865 /* CyclicCoding.h in Headers */,
			);
			runOnlyForDeploymentPostprocessing = 0;
		};
/* End PBXHeadersBuildPhase section */

/* Begin PBXNativeTarget section */
		372BDBBC2129F13800E767AD /* CyclicCoding iOS */ = {
			isa = PBXNativeTarget;
			buildConfigurationList = 372BDBD12129F13800E767AD /* Build configuration list for PBXNativeTarget "CyclicCoding iOS" */;
			buildPhases = (
				372BDBB82129F13800E767AD /* Headers */,
				372BDBB92129F13800E767AD /* Sources */,
				372BDBBA2129F13800E767AD /* Frameworks */,
				372BDBBB2129F13800E767AD /* Resources */,
				3792D8C6212D929A00E68277 /* Warn for TODO and FIXME */,
			);
			buildRules = (
			);
			dependencies = (
			);
			name = "CyclicCoding iOS";
			productName = CyclicCoding;
			productReference = 372BDBBD2129F13800E767AD /* CyclicCoding.framework */;
			productType = "com.apple.product-type.framework";
		};
		372BDBC52129F13800E767AD /* CyclicCodingTests iOS */ = {
			isa = PBXNativeTarget;
			buildConfigurationList = 372BDBD42129F13800E767AD /* Build configuration list for PBXNativeTarget "CyclicCodingTests iOS" */;
			buildPhases = (
				372BDBC22129F13800E767AD /* Sources */,
				372BDBC32129F13800E767AD /* Frameworks */,
				372BDBC42129F13800E767AD /* Resources */,
			);
			buildRules = (
			);
			dependencies = (
				372BDBC92129F13800E767AD /* PBXTargetDependency */,
			);
			name = "CyclicCodingTests iOS";
			productName = CyclicCodingTests;
			productReference = 372BDBC62129F13800E767AD /* CyclicCodingTests iOS.xctest */;
			productType = "com.apple.product-type.bundle.unit-test";
		};
		37D852A5220016210026B865 /* CyclicCoding Mac */ = {
			isa = PBXNativeTarget;
			buildConfigurationList = 37D852B7220016210026B865 /* Build configuration list for PBXNativeTarget "CyclicCoding Mac" */;
			buildPhases = (
				37D852A1220016210026B865 /* Headers */,
				37D852A2220016210026B865 /* Sources */,
				37D852A3220016210026B865 /* Frameworks */,
				37D852A4220016210026B865 /* Resources */,
			);
			buildRules = (
			);
			dependencies = (
			);
			name = "CyclicCoding Mac";
			productName = CyclicCoding;
			productReference = 37D852A6220016210026B865 /* CyclicCoding.framework */;
			productType = "com.apple.product-type.framework";
		};
		37D852AD220016210026B865 /* CyclicCodingTests Mac */ = {
			isa = PBXNativeTarget;
			buildConfigurationList = 37D852BA220016210026B865 /* Build configuration list for PBXNativeTarget "CyclicCodingTests Mac" */;
			buildPhases = (
				37D852AA220016210026B865 /* Sources */,
				37D852AB220016210026B865 /* Frameworks */,
				37D852AC220016210026B865 /* Resources */,
			);
			buildRules = (
			);
			dependencies = (
				37D852B1220016210026B865 /* PBXTargetDependency */,
			);
			name = "CyclicCodingTests Mac";
			productName = CyclicCodingTests;
			productReference = 37D852AE220016210026B865 /* CyclicCodingTests Mac.xctest */;
			productType = "com.apple.product-type.bundle.unit-test";
		};
/* End PBXNativeTarget section */

/* Begin PBXProject section */
		372BDBB42129F13800E767AD /* Project object */ = {
			isa = PBXProject;
			attributes = {
				LastSwiftUpdateCheck = 1010;
				LastUpgradeCheck = 1010;
				ORGANIZATIONNAME = "Greg Omelaenko";
				TargetAttributes = {
					372BDBBC2129F13800E767AD = {
						CreatedOnToolsVersion = 10.0;
						LastSwiftMigration = 1000;
					};
					372BDBC52129F13800E767AD = {
						CreatedOnToolsVersion = 10.0;
					};
					37D852A5220016210026B865 = {
						CreatedOnToolsVersion = 10.1;
					};
					37D852AD220016210026B865 = {
						CreatedOnToolsVersion = 10.1;
					};
				};
			};
			buildConfigurationList = 372BDBB72129F13800E767AD /* Build configuration list for PBXProject "CyclicCoding" */;
			compatibilityVersion = "Xcode 9.3";
			developmentRegion = en;
			hasScannedForEncodings = 0;
			knownRegions = (
				en,
			);
			mainGroup = 372BDBB32129F13800E767AD;
			productRefGroup = 372BDBBE2129F13800E767AD /* Products */;
			projectDirPath = "";
			projectRoot = "";
			targets = (
				372BDBBC2129F13800E767AD /* CyclicCoding iOS */,
				372BDBC52129F13800E767AD /* CyclicCodingTests iOS */,
				37D852A5220016210026B865 /* CyclicCoding Mac */,
				37D852AD220016210026B865 /* CyclicCodingTests Mac */,
			);
		};
/* End PBXProject section */

/* Begin PBXResourcesBuildPhase section */
		372BDBBB2129F13800E767AD /* Resources */ = {
			isa = PBXResourcesBuildPhase;
			buildActionMask = 2147483647;
			files = (
			);
			runOnlyForDeploymentPostprocessing = 0;
		};
		372BDBC42129F13800E767AD /* Resources */ = {
			isa = PBXResourcesBuildPhase;
			buildActionMask = 2147483647;
			files = (
			);
			runOnlyForDeploymentPostprocessing = 0;
		};
		37D852A4220016210026B865 /* Resources */ = {
			isa = PBXResourcesBuildPhase;
			buildActionMask = 2147483647;
			files = (
			);
			runOnlyForDeploymentPostprocessing = 0;
		};
		37D852AC220016210026B865 /* Resources */ = {
			isa = PBXResourcesBuildPhase;
			buildActionMask = 2147483647;
			files = (
			);
			runOnlyForDeploymentPostprocessing = 0;
		};
/* End PBXResourcesBuildPhase section */

/* Begin PBXShellScriptBuildPhase section */
		3792D8C6212D929A00E68277 /* Warn for TODO and FIXME */ = {
			isa = PBXShellScriptBuildPhase;
			buildActionMask = 2147483647;
			files = (
			);
			inputFileListPaths = (
			);
			inputPaths = (
			);
			name = "Warn for TODO and FIXME";
			outputFileListPaths = (
			);
			outputPaths = (
			);
			runOnlyForDeploymentPostprocessing = 0;
			shellPath = /bin/sh;
			shellScript = "TAGS=\"TODO:|FIXME:\"\nfind \"${SRCROOT}\" \\( -name \"*.swift\" \\) -print0 | xargs -0 egrep --with-filename --line-number --only-matching \"($TAGS).*\\$\" | perl -p -e \"s/($TAGS)/ warning: \\$1/\"\n";
		};
/* End PBXShellScriptBuildPhase section */

/* Begin PBXSourcesBuildPhase section */
		372BDBB92129F13800E767AD /* Sources */ = {
			isa = PBXSourcesBuildPhase;
			buildActionMask = 2147483647;
			files = (
				37A8D0E52211B0FF007A74F5 /* Fillable.swift in Sources */,
				372BDBE0212A80AA00E767AD /* Box.swift in Sources */,
				372BDBD82129F1BD00E767AD /* CyclicEncoder.swift in Sources */,
				372BDBDC2129FDF700E767AD /* Primitive.swift in Sources */,
				3792D8B5212BD65200E68277 /* CyclicDecoder.swift in Sources */,
				37FEA54521F20501008112AD /* CycleBreaker.swift in Sources */,
			);
			runOnlyForDeploymentPostprocessing = 0;
		};
		372BDBC22129F13800E767AD /* Sources */ = {
			isa = PBXSourcesBuildPhase;
			buildActionMask = 2147483647;
			files = (
				372BDBCC2129F13800E767AD /* CyclicCodingTests.swift in Sources */,
			);
			runOnlyForDeploymentPostprocessing = 0;
		};
		37D852A2220016210026B865 /* Sources */ = {
			isa = PBXSourcesBuildPhase;
			buildActionMask = 2147483647;
			files = (
				37A8D0E62211B164007A74F5 /* Fillable.swift in Sources */,
				37D852BE220016CE0026B865 /* Box.swift in Sources */,
				37D852C0220016CE0026B865 /* CyclicEncoder.swift in Sources */,
				37D852BF220016CE0026B865 /* CycleBreaker.swift in Sources */,
				37D852C1220016CE0026B865 /* CyclicDecoder.swift in Sources */,
				37D852C2220016CE0026B865 /* Primitive.swift in Sources */,
			);
			runOnlyForDeploymentPostprocessing = 0;
		};
		37D852AA220016210026B865 /* Sources */ = {
			isa = PBXSourcesBuildPhase;
			buildActionMask = 2147483647;
			files = (
				37D852C3220016D50026B865 /* CyclicCodingTests.swift in Sources */,
			);
			runOnlyForDeploymentPostprocessing = 0;
		};
/* End PBXSourcesBuildPhase section */

/* Begin PBXTargetDependency section */
		372BDBC92129F13800E767AD /* PBXTargetDependency */ = {
			isa = PBXTargetDependency;
			target = 372BDBBC2129F13800E767AD /* CyclicCoding iOS */;
			targetProxy = 372BDBC82129F13800E767AD /* PBXContainerItemProxy */;
		};
		37D852B1220016210026B865 /* PBXTargetDependency */ = {
			isa = PBXTargetDependency;
			target = 37D852A5220016210026B865 /* CyclicCoding Mac */;
			targetProxy = 37D852B0220016210026B865 /* PBXContainerItemProxy */;
		};
/* End PBXTargetDependency section */

/* Begin XCBuildConfiguration section */
		372BDBCF2129F13800E767AD /* Debug */ = {
			isa = XCBuildConfiguration;
			buildSettings = {
				ALWAYS_SEARCH_USER_PATHS = NO;
				CLANG_ANALYZER_NONNULL = YES;
				CLANG_ANALYZER_NUMBER_OBJECT_CONVERSION = YES_AGGRESSIVE;
				CLANG_CXX_LANGUAGE_STANDARD = "gnu++14";
				CLANG_CXX_LIBRARY = "libc++";
				CLANG_ENABLE_MODULES = YES;
				CLANG_ENABLE_OBJC_ARC = YES;
				CLANG_ENABLE_OBJC_WEAK = YES;
				CLANG_WARN_BLOCK_CAPTURE_AUTORELEASING = YES;
				CLANG_WARN_BOOL_CONVERSION = YES;
				CLANG_WARN_COMMA = YES;
				CLANG_WARN_CONSTANT_CONVERSION = YES;
				CLANG_WARN_DEPRECATED_OBJC_IMPLEMENTATIONS = YES;
				CLANG_WARN_DIRECT_OBJC_ISA_USAGE = YES_ERROR;
				CLANG_WARN_DOCUMENTATION_COMMENTS = YES;
				CLANG_WARN_EMPTY_BODY = YES;
				CLANG_WARN_ENUM_CONVERSION = YES;
				CLANG_WARN_INFINITE_RECURSION = YES;
				CLANG_WARN_INT_CONVERSION = YES;
				CLANG_WARN_NON_LITERAL_NULL_CONVERSION = YES;
				CLANG_WARN_OBJC_IMPLICIT_RETAIN_SELF = YES;
				CLANG_WARN_OBJC_LITERAL_CONVERSION = YES;
				CLANG_WARN_OBJC_ROOT_CLASS = YES_ERROR;
				CLANG_WARN_RANGE_LOOP_ANALYSIS = YES;
				CLANG_WARN_STRICT_PROTOTYPES = YES;
				CLANG_WARN_SUSPICIOUS_MOVE = YES;
				CLANG_WARN_UNGUARDED_AVAILABILITY = YES_AGGRESSIVE;
				CLANG_WARN_UNREACHABLE_CODE = YES;
				CLANG_WARN__DUPLICATE_METHOD_MATCH = YES;
				CODE_SIGN_IDENTITY = "iPhone Developer";
				COPY_PHASE_STRIP = NO;
				CURRENT_PROJECT_VERSION = 1;
				DEBUG_INFORMATION_FORMAT = dwarf;
				ENABLE_STRICT_OBJC_MSGSEND = YES;
				ENABLE_TESTABILITY = YES;
				GCC_C_LANGUAGE_STANDARD = gnu11;
				GCC_DYNAMIC_NO_PIC = NO;
				GCC_NO_COMMON_BLOCKS = YES;
				GCC_OPTIMIZATION_LEVEL = 0;
				GCC_PREPROCESSOR_DEFINITIONS = (
					"DEBUG=1",
					"$(inherited)",
				);
				GCC_WARN_64_TO_32_BIT_CONVERSION = YES;
				GCC_WARN_ABOUT_RETURN_TYPE = YES_ERROR;
				GCC_WARN_UNDECLARED_SELECTOR = YES;
				GCC_WARN_UNINITIALIZED_AUTOS = YES_AGGRESSIVE;
				GCC_WARN_UNUSED_FUNCTION = YES;
				GCC_WARN_UNUSED_VARIABLE = YES;
				IPHONEOS_DEPLOYMENT_TARGET = 12.0;
				MTL_ENABLE_DEBUG_INFO = INCLUDE_SOURCE;
				MTL_FAST_MATH = YES;
				ONLY_ACTIVE_ARCH = YES;
				SDKROOT = iphoneos;
				SWIFT_ACTIVE_COMPILATION_CONDITIONS = DEBUG;
				SWIFT_OPTIMIZATION_LEVEL = "-Onone";
				VERSIONING_SYSTEM = "apple-generic";
				VERSION_INFO_PREFIX = "";
			};
			name = Debug;
		};
		372BDBD02129F13800E767AD /* Release */ = {
			isa = XCBuildConfiguration;
			buildSettings = {
				ALWAYS_SEARCH_USER_PATHS = NO;
				CLANG_ANALYZER_NONNULL = YES;
				CLANG_ANALYZER_NUMBER_OBJECT_CONVERSION = YES_AGGRESSIVE;
				CLANG_CXX_LANGUAGE_STANDARD = "gnu++14";
				CLANG_CXX_LIBRARY = "libc++";
				CLANG_ENABLE_MODULES = YES;
				CLANG_ENABLE_OBJC_ARC = YES;
				CLANG_ENABLE_OBJC_WEAK = YES;
				CLANG_WARN_BLOCK_CAPTURE_AUTORELEASING = YES;
				CLANG_WARN_BOOL_CONVERSION = YES;
				CLANG_WARN_COMMA = YES;
				CLANG_WARN_CONSTANT_CONVERSION = YES;
				CLANG_WARN_DEPRECATED_OBJC_IMPLEMENTATIONS = YES;
				CLANG_WARN_DIRECT_OBJC_ISA_USAGE = YES_ERROR;
				CLANG_WARN_DOCUMENTATION_COMMENTS = YES;
				CLANG_WARN_EMPTY_BODY = YES;
				CLANG_WARN_ENUM_CONVERSION = YES;
				CLANG_WARN_INFINITE_RECURSION = YES;
				CLANG_WARN_INT_CONVERSION = YES;
				CLANG_WARN_NON_LITERAL_NULL_CONVERSION = YES;
				CLANG_WARN_OBJC_IMPLICIT_RETAIN_SELF = YES;
				CLANG_WARN_OBJC_LITERAL_CONVERSION = YES;
				CLANG_WARN_OBJC_ROOT_CLASS = YES_ERROR;
				CLANG_WARN_RANGE_LOOP_ANALYSIS = YES;
				CLANG_WARN_STRICT_PROTOTYPES = YES;
				CLANG_WARN_SUSPICIOUS_MOVE = YES;
				CLANG_WARN_UNGUARDED_AVAILABILITY = YES_AGGRESSIVE;
				CLANG_WARN_UNREACHABLE_CODE = YES;
				CLANG_WARN__DUPLICATE_METHOD_MATCH = YES;
				CODE_SIGN_IDENTITY = "iPhone Developer";
				COPY_PHASE_STRIP = NO;
				CURRENT_PROJECT_VERSION = 1;
				DEBUG_INFORMATION_FORMAT = "dwarf-with-dsym";
				ENABLE_NS_ASSERTIONS = NO;
				ENABLE_STRICT_OBJC_MSGSEND = YES;
				GCC_C_LANGUAGE_STANDARD = gnu11;
				GCC_NO_COMMON_BLOCKS = YES;
				GCC_WARN_64_TO_32_BIT_CONVERSION = YES;
				GCC_WARN_ABOUT_RETURN_TYPE = YES_ERROR;
				GCC_WARN_UNDECLARED_SELECTOR = YES;
				GCC_WARN_UNINITIALIZED_AUTOS = YES_AGGRESSIVE;
				GCC_WARN_UNUSED_FUNCTION = YES;
				GCC_WARN_UNUSED_VARIABLE = YES;
				IPHONEOS_DEPLOYMENT_TARGET = 12.0;
				MTL_ENABLE_DEBUG_INFO = NO;
				MTL_FAST_MATH = YES;
				SDKROOT = iphoneos;
				SWIFT_COMPILATION_MODE = wholemodule;
				SWIFT_OPTIMIZATION_LEVEL = "-O";
				VALIDATE_PRODUCT = YES;
				VERSIONING_SYSTEM = "apple-generic";
				VERSION_INFO_PREFIX = "";
			};
			name = Release;
		};
		372BDBD22129F13800E767AD /* Debug */ = {
			isa = XCBuildConfiguration;
			buildSettings = {
				CLANG_ENABLE_MODULES = YES;
				CODE_SIGN_IDENTITY = "iPhone Developer";
				CODE_SIGN_STYLE = Automatic;
				DEFINES_MODULE = YES;
				DEVELOPMENT_TEAM = J67UWS3VAP;
				DYLIB_COMPATIBILITY_VERSION = 1;
				DYLIB_CURRENT_VERSION = 1;
				DYLIB_INSTALL_NAME_BASE = "@rpath";
				FRAMEWORK_SEARCH_PATHS = (
					"$(inherited)",
					"$(PROJECT_DIR)/Carthage/Build/iOS",
				);
				INFOPLIST_FILE = CyclicCoding/Info.plist;
				INSTALL_PATH = "$(LOCAL_LIBRARY_DIR)/Frameworks";
				IPHONEOS_DEPLOYMENT_TARGET = 8.0;
				LD_RUNPATH_SEARCH_PATHS = (
					"$(inherited)",
					"@executable_path/Frameworks",
					"@loader_path/Frameworks",
				);
				PRODUCT_BUNDLE_IDENTIFIER = com.mostlyinfinite.CyclicCoding;
				PRODUCT_NAME = CyclicCoding;
				PROVISIONING_PROFILE_SPECIFIER = "";
				SKIP_INSTALL = YES;
				SWIFT_INCLUDE_PATHS = "$(SRCROOT)/CyclicCoding/Module";
				SWIFT_OBJC_BRIDGING_HEADER = "";
				SWIFT_OPTIMIZATION_LEVEL = "-Onone";
				SWIFT_VERSION = 4.2;
				TARGETED_DEVICE_FAMILY = "1,2";
			};
			name = Debug;
		};
		372BDBD32129F13800E767AD /* Release */ = {
			isa = XCBuildConfiguration;
			buildSettings = {
				CLANG_ENABLE_MODULES = YES;
				CODE_SIGN_IDENTITY = "iPhone Developer";
				CODE_SIGN_STYLE = Automatic;
				DEFINES_MODULE = YES;
				DEVELOPMENT_TEAM = J67UWS3VAP;
				DYLIB_COMPATIBILITY_VERSION = 1;
				DYLIB_CURRENT_VERSION = 1;
				DYLIB_INSTALL_NAME_BASE = "@rpath";
				FRAMEWORK_SEARCH_PATHS = (
					"$(inherited)",
					"$(PROJECT_DIR)/Carthage/Build/iOS",
				);
				INFOPLIST_FILE = CyclicCoding/Info.plist;
				INSTALL_PATH = "$(LOCAL_LIBRARY_DIR)/Frameworks";
				IPHONEOS_DEPLOYMENT_TARGET = 8.0;
				LD_RUNPATH_SEARCH_PATHS = (
					"$(inherited)",
					"@executable_path/Frameworks",
					"@loader_path/Frameworks",
				);
				PRODUCT_BUNDLE_IDENTIFIER = com.mostlyinfinite.CyclicCoding;
				PRODUCT_NAME = CyclicCoding;
				PROVISIONING_PROFILE_SPECIFIER = "";
				SKIP_INSTALL = YES;
				SWIFT_INCLUDE_PATHS = "$(SRCROOT)/CyclicCoding/Module";
				SWIFT_OBJC_BRIDGING_HEADER = "";
				SWIFT_VERSION = 4.2;
				TARGETED_DEVICE_FAMILY = "1,2";
			};
			name = Release;
		};
		372BDBD52129F13800E767AD /* Debug */ = {
			isa = XCBuildConfiguration;
			buildSettings = {
				ALWAYS_EMBED_SWIFT_STANDARD_LIBRARIES = YES;
				CODE_SIGN_IDENTITY = "iPhone Developer";
				CODE_SIGN_STYLE = Automatic;
				DEVELOPMENT_TEAM = J67UWS3VAP;
				FRAMEWORK_SEARCH_PATHS = (
					"$(inherited)",
					"$(PROJECT_DIR)/Carthage/Build/iOS",
				);
				INFOPLIST_FILE = CyclicCodingTests/Info.plist;
				LD_RUNPATH_SEARCH_PATHS = (
					"$(inherited)",
					"@executable_path/Frameworks",
					"@loader_path/Frameworks",
					"$(FRAMEWORK_SEARCH_PATHS)",
				);
				PRODUCT_BUNDLE_IDENTIFIER = com.mostlyinfinite.CyclicCodingTests;
				PRODUCT_NAME = "$(TARGET_NAME)";
				PROVISIONING_PROFILE_SPECIFIER = "";
				SWIFT_VERSION = 4.2;
				TARGETED_DEVICE_FAMILY = "1,2";
			};
			name = Debug;
		};
		372BDBD62129F13800E767AD /* Release */ = {
			isa = XCBuildConfiguration;
			buildSettings = {
				ALWAYS_EMBED_SWIFT_STANDARD_LIBRARIES = YES;
				CODE_SIGN_IDENTITY = "iPhone Developer";
				CODE_SIGN_STYLE = Automatic;
				DEVELOPMENT_TEAM = J67UWS3VAP;
				FRAMEWORK_SEARCH_PATHS = (
					"$(inherited)",
					"$(PROJECT_DIR)/Carthage/Build/iOS",
				);
				INFOPLIST_FILE = CyclicCodingTests/Info.plist;
				LD_RUNPATH_SEARCH_PATHS = (
					"$(inherited)",
					"@executable_path/Frameworks",
					"@loader_path/Frameworks",
					"$(FRAMEWORK_SEARCH_PATHS)",
				);
				PRODUCT_BUNDLE_IDENTIFIER = com.mostlyinfinite.CyclicCodingTests;
				PRODUCT_NAME = "$(TARGET_NAME)";
				PROVISIONING_PROFILE_SPECIFIER = "";
				SWIFT_VERSION = 4.2;
				TARGETED_DEVICE_FAMILY = "1,2";
			};
			name = Release;
		};
		37D852B8220016210026B865 /* Debug */ = {
			isa = XCBuildConfiguration;
			buildSettings = {
				CODE_SIGN_IDENTITY = "Mac Developer";
				CODE_SIGN_STYLE = Automatic;
				COMBINE_HIDPI_IMAGES = YES;
				DEFINES_MODULE = YES;
				DEVELOPMENT_TEAM = J67UWS3VAP;
				DYLIB_COMPATIBILITY_VERSION = 1;
				DYLIB_CURRENT_VERSION = 1;
				DYLIB_INSTALL_NAME_BASE = "@rpath";
				FRAMEWORK_SEARCH_PATHS = (
					"$(inherited)",
					"$(PROJECT_DIR)/Carthage/Build/Mac",
				);
				FRAMEWORK_VERSION = A;
				INFOPLIST_FILE = CyclicCoding/Info.plist;
				INSTALL_PATH = "$(LOCAL_LIBRARY_DIR)/Frameworks";
				LD_RUNPATH_SEARCH_PATHS = (
					"$(inherited)",
					"@executable_path/../Frameworks",
					"@loader_path/Frameworks",
				);
				MACOSX_DEPLOYMENT_TARGET = 10.9;
				PRODUCT_BUNDLE_IDENTIFIER = co.omelaen.CyclicCoding;
				PRODUCT_NAME = CyclicCoding;
				PROVISIONING_PROFILE_SPECIFIER = "";
				SDKROOT = macosx;
				SKIP_INSTALL = YES;
				SWIFT_VERSION = 4.2;
			};
			name = Debug;
		};
		37D852B9220016210026B865 /* Release */ = {
			isa = XCBuildConfiguration;
			buildSettings = {
				CODE_SIGN_IDENTITY = "";
				CODE_SIGN_STYLE = Automatic;
				COMBINE_HIDPI_IMAGES = YES;
				DEFINES_MODULE = YES;
				DEVELOPMENT_TEAM = J67UWS3VAP;
				DYLIB_COMPATIBILITY_VERSION = 1;
				DYLIB_CURRENT_VERSION = 1;
				DYLIB_INSTALL_NAME_BASE = "@rpath";
				FRAMEWORK_SEARCH_PATHS = (
					"$(inherited)",
					"$(PROJECT_DIR)/Carthage/Build/Mac",
				);
				FRAMEWORK_VERSION = A;
				INFOPLIST_FILE = CyclicCoding/Info.plist;
				INSTALL_PATH = "$(LOCAL_LIBRARY_DIR)/Frameworks";
				LD_RUNPATH_SEARCH_PATHS = (
					"$(inherited)",
					"@executable_path/../Frameworks",
					"@loader_path/Frameworks",
				);
				MACOSX_DEPLOYMENT_TARGET = 10.9;
				PRODUCT_BUNDLE_IDENTIFIER = co.omelaen.CyclicCoding;
				PRODUCT_NAME = CyclicCoding;
				PROVISIONING_PROFILE_SPECIFIER = "";
				SDKROOT = macosx;
				SKIP_INSTALL = YES;
				SWIFT_VERSION = 4.2;
			};
			name = Release;
		};
		37D852BB220016210026B865 /* Debug */ = {
			isa = XCBuildConfiguration;
			buildSettings = {
				ALWAYS_EMBED_SWIFT_STANDARD_LIBRARIES = YES;
				CODE_SIGN_IDENTITY = "Mac Developer";
				CODE_SIGN_STYLE = Automatic;
				COMBINE_HIDPI_IMAGES = YES;
				DEVELOPMENT_TEAM = J67UWS3VAP;
				FRAMEWORK_SEARCH_PATHS = (
					"$(inherited)",
					"$(PROJECT_DIR)/Carthage/Build/Mac",
				);
				INFOPLIST_FILE = CyclicCodingTests/Info.plist;
				LD_RUNPATH_SEARCH_PATHS = (
					"$(inherited)",
					"@executable_path/../Frameworks",
					"@loader_path/../Frameworks",
					"$(FRAMEWORK_SEARCH_PATHS)",
				);
				MACOSX_DEPLOYMENT_TARGET = 10.14;
				PRODUCT_BUNDLE_IDENTIFIER = co.omelaen.CyclicCodingTests;
				PRODUCT_NAME = "$(TARGET_NAME)";
				PROVISIONING_PROFILE_SPECIFIER = "";
				SDKROOT = macosx;
				SWIFT_VERSION = 4.2;
			};
			name = Debug;
		};
		37D852BC220016210026B865 /* Release */ = {
			isa = XCBuildConfiguration;
			buildSettings = {
				ALWAYS_EMBED_SWIFT_STANDARD_LIBRARIES = YES;
				CODE_SIGN_IDENTITY = "Mac Developer";
				CODE_SIGN_STYLE = Automatic;
				COMBINE_HIDPI_IMAGES = YES;
				DEVELOPMENT_TEAM = J67UWS3VAP;
				FRAMEWORK_SEARCH_PATHS = (
					"$(inherited)",
					"$(PROJECT_DIR)/Carthage/Build/Mac",
				);
				INFOPLIST_FILE = CyclicCodingTests/Info.plist;
				LD_RUNPATH_SEARCH_PATHS = (
					"$(inherited)",
					"@executable_path/../Frameworks",
					"@loader_path/../Frameworks",
					"$(FRAMEWORK_SEARCH_PATHS)",
				);
				MACOSX_DEPLOYMENT_TARGET = 10.14;
				PRODUCT_BUNDLE_IDENTIFIER = co.omelaen.CyclicCodingTests;
				PRODUCT_NAME = "$(TARGET_NAME)";
				PROVISIONING_PROFILE_SPECIFIER = "";
				SDKROOT = macosx;
				SWIFT_VERSION = 4.2;
			};
			name = Release;
		};
/* End XCBuildConfiguration section */

/* Begin XCConfigurationList section */
		372BDBB72129F13800E767AD /* Build configuration list for PBXProject "CyclicCoding" */ = {
			isa = XCConfigurationList;
			buildConfigurations = (
				372BDBCF2129F13800E767AD /* Debug */,
				372BDBD02129F13800E767AD /* Release */,
			);
			defaultConfigurationIsVisible = 0;
			defaultConfigurationName = Release;
		};
		372BDBD12129F13800E767AD /* Build configuration list for PBXNativeTarget "CyclicCoding iOS" */ = {
			isa = XCConfigurationList;
			buildConfigurations = (
				372BDBD22129F13800E767AD /* Debug */,
				372BDBD32129F13800E767AD /* Release */,
			);
			defaultConfigurationIsVisible = 0;
			defaultConfigurationName = Release;
		};
		372BDBD42129F13800E767AD /* Build configuration list for PBXNativeTarget "CyclicCodingTests iOS" */ = {
			isa = XCConfigurationList;
			buildConfigurations = (
				372BDBD52129F13800E767AD /* Debug */,
				372BDBD62129F13800E767AD /* Release */,
			);
			defaultConfigurationIsVisible = 0;
			defaultConfigurationName = Release;
		};
		37D852B7220016210026B865 /* Build configuration list for PBXNativeTarget "CyclicCoding Mac" */ = {
			isa = XCConfigurationList;
			buildConfigurations = (
				37D852B8220016210026B865 /* Debug */,
				37D852B9220016210026B865 /* Release */,
			);
			defaultConfigurationIsVisible = 0;
			defaultConfigurationName = Release;
		};
		37D852BA220016210026B865 /* Build configuration list for PBXNativeTarget "CyclicCodingTests Mac" */ = {
			isa = XCConfigurationList;
			buildConfigurations = (
				37D852BB220016210026B865 /* Debug */,
				37D852BC220016210026B865 /* Release */,
			);
			defaultConfigurationIsVisible = 0;
			defaultConfigurationName = Release;
		};
/* End XCConfigurationList section */
	};
	rootObject = 372BDBB42129F13800E767AD /* Project object */;
}
